// !$*UTF8*$!
{
	archiveVersion = 1;
	classes = {
	};
	objectVersion = 56;
	objects = {

/* Begin PBXBuildFile section */
		4DB7A84D292E707B00592A88 /* AppDelegate.swift in Sources */ = {isa = PBXBuildFile; fileRef = 4DB7A84C292E707B00592A88 /* AppDelegate.swift */; };
		4DB7A84F292E707B00592A88 /* SceneDelegate.swift in Sources */ = {isa = PBXBuildFile; fileRef = 4DB7A84E292E707B00592A88 /* SceneDelegate.swift */; };
		4DB7A851292E707B00592A88 /* ViewController.swift in Sources */ = {isa = PBXBuildFile; fileRef = 4DB7A850292E707B00592A88 /* ViewController.swift */; };
		4DB7A854292E707B00592A88 /* Main.storyboard in Resources */ = {isa = PBXBuildFile; fileRef = 4DB7A852292E707B00592A88 /* Main.storyboard */; };
		4DB7A856292E707C00592A88 /* Assets.xcassets in Resources */ = {isa = PBXBuildFile; fileRef = 4DB7A855292E707C00592A88 /* Assets.xcassets */; };
		4DB7A859292E707C00592A88 /* LaunchScreen.storyboard in Resources */ = {isa = PBXBuildFile; fileRef = 4DB7A857292E707C00592A88 /* LaunchScreen.storyboard */; };
		4DB7A865292E70E800592A88 /* User.swift in Sources */ = {isa = PBXBuildFile; fileRef = 4DB7A864292E70E800592A88 /* User.swift */; };
		4DB7A867292E8A5B00592A88 /* ViewModel.swift in Sources */ = {isa = PBXBuildFile; fileRef = 4DB7A866292E8A5B00592A88 /* ViewModel.swift */; };
		4DB7A86A292E8A9D00592A88 /* Dynamic.swift in Sources */ = {isa = PBXBuildFile; fileRef = 4DB7A869292E8A9D00592A88 /* Dynamic.swift */; };
/* End PBXBuildFile section */

/* Begin PBXFileReference section */
		4DB7A849292E707B00592A88 /* MVVM_LogIn.app */ = {isa = PBXFileReference; explicitFileType = wrapper.application; includeInIndex = 0; path = MVVM_LogIn.app; sourceTree = BUILT_PRODUCTS_DIR; };
		4DB7A84C292E707B00592A88 /* AppDelegate.swift */ = {isa = PBXFileReference; lastKnownFileType = sourcecode.swift; path = AppDelegate.swift; sourceTree = "<group>"; };
		4DB7A84E292E707B00592A88 /* SceneDelegate.swift */ = {isa = PBXFileReference; lastKnownFileType = sourcecode.swift; path = SceneDelegate.swift; sourceTree = "<group>"; };
		4DB7A850292E707B00592A88 /* ViewController.swift */ = {isa = PBXFileReference; lastKnownFileType = sourcecode.swift; path = ViewController.swift; sourceTree = "<group>"; };
		4DB7A853292E707B00592A88 /* Base */ = {isa = PBXFileReference; lastKnownFileType = file.storyboard; name = Base; path = Base.lproj/Main.storyboard; sourceTree = "<group>"; };
		4DB7A855292E707C00592A88 /* Assets.xcassets */ = {isa = PBXFileReference; lastKnownFileType = folder.assetcatalog; path = Assets.xcassets; sourceTree = "<group>"; };
		4DB7A858292E707C00592A88 /* Base */ = {isa = PBXFileReference; lastKnownFileType = file.storyboard; name = Base; path = Base.lproj/LaunchScreen.storyboard; sourceTree = "<group>"; };
		4DB7A85A292E707D00592A88 /* Info.plist */ = {isa = PBXFileReference; lastKnownFileType = text.plist.xml; path = Info.plist; sourceTree = "<group>"; };
		4DB7A864292E70E800592A88 /* User.swift */ = {isa = PBXFileReference; lastKnownFileType = sourcecode.swift; path = User.swift; sourceTree = "<group>"; };
		4DB7A866292E8A5B00592A88 /* ViewModel.swift */ = {isa = PBXFileReference; lastKnownFileType = sourcecode.swift; path = ViewModel.swift; sourceTree = "<group>"; };
		4DB7A869292E8A9D00592A88 /* Dynamic.swift */ = {isa = PBXFileReference; lastKnownFileType = sourcecode.swift; path = Dynamic.swift; sourceTree = "<group>"; };
/* End PBXFileReference section */

/* Begin PBXFrameworksBuildPhase section */
		4DB7A846292E707B00592A88 /* Frameworks */ = {
			isa = PBXFrameworksBuildPhase;
			buildActionMask = 2147483647;
			files = (
			);
			runOnlyForDeploymentPostprocessing = 0;
		};
/* End PBXFrameworksBuildPhase section */

/* Begin PBXGroup section */
		4DB7A840292E707B00592A88 = {
			isa = PBXGroup;
			children = (
				4DB7A84B292E707B00592A88 /* MVVM_LogIn */,
				4DB7A84A292E707B00592A88 /* Products */,
			);
			sourceTree = "<group>";
		};
		4DB7A84A292E707B00592A88 /* Products */ = {
			isa = PBXGroup;
			children = (
				4DB7A849292E707B00592A88 /* MVVM_LogIn.app */,
			);
			name = Products;
			sourceTree = "<group>";
		};
		4DB7A84B292E707B00592A88 /* MVVM_LogIn */ = {
			isa = PBXGroup;
			children = (
				4DB7A862292E709900592A88 /* ViewModels */,
				4DB7A861292E708F00592A88 /* Views */,
				4DB7A860292E708800592A88 /* Models */,
				4DB7A84C292E707B00592A88 /* AppDelegate.swift */,
				4DB7A84E292E707B00592A88 /* SceneDelegate.swift */,
				4DB7A855292E707C00592A88 /* Assets.xcassets */,
				4DB7A85A292E707D00592A88 /* Info.plist */,
			);
			path = MVVM_LogIn;
			sourceTree = "<group>";
		};
		4DB7A860292E708800592A88 /* Models */ = {
			isa = PBXGroup;
			children = (
				4DB7A864292E70E800592A88 /* User.swift */,
			);
			path = Models;
			sourceTree = "<group>";
		};
		4DB7A861292E708F00592A88 /* Views */ = {
			isa = PBXGroup;
			children = (
				4DB7A850292E707B00592A88 /* ViewController.swift */,
				4DB7A863292E70AA00592A88 /* Storyboards */,
			);
			path = Views;
			sourceTree = "<group>";
		};
		4DB7A862292E709900592A88 /* ViewModels */ = {
			isa = PBXGroup;
			children = (
				4DB7A868292E8A8A00592A88 /* Bindings */,
				4DB7A866292E8A5B00592A88 /* ViewModel.swift */,
			);
			path = ViewModels;
			sourceTree = "<group>";
		};
		4DB7A863292E70AA00592A88 /* Storyboards */ = {
			isa = PBXGroup;
			children = (
				4DB7A857292E707C00592A88 /* LaunchScreen.storyboard */,
				4DB7A852292E707B00592A88 /* Main.storyboard */,
			);
			path = Storyboards;
			sourceTree = "<group>";
		};
		4DB7A868292E8A8A00592A88 /* Bindings */ = {
			isa = PBXGroup;
			children = (
				4DB7A869292E8A9D00592A88 /* Dynamic.swift */,
			);
			path = Bindings;
			sourceTree = "<group>";
		};
/* End PBXGroup section */

/* Begin PBXNativeTarget section */
		4DB7A848292E707B00592A88 /* MVVM_LogIn */ = {
			isa = PBXNativeTarget;
			buildConfigurationList = 4DB7A85D292E707D00592A88 /* Build configuration list for PBXNativeTarget "MVVM_LogIn" */;
			buildPhases = (
				4DB7A845292E707B00592A88 /* Sources */,
				4DB7A846292E707B00592A88 /* Frameworks */,
				4DB7A847292E707B00592A88 /* Resources */,
			);
			buildRules = (
			);
			dependencies = (
			);
			name = MVVM_LogIn;
			productName = MVVM_LogIn;
			productReference = 4DB7A849292E707B00592A88 /* MVVM_LogIn.app */;
			productType = "com.apple.product-type.application";
		};
/* End PBXNativeTarget section */

/* Begin PBXProject section */
		4DB7A841292E707B00592A88 /* Project object */ = {
			isa = PBXProject;
			attributes = {
				BuildIndependentTargetsInParallel = 1;
				LastSwiftUpdateCheck = 1410;
				LastUpgradeCheck = 1410;
				TargetAttributes = {
					4DB7A848292E707B00592A88 = {
						CreatedOnToolsVersion = 14.1;
					};
				};
			};
			buildConfigurationList = 4DB7A844292E707B00592A88 /* Build configuration list for PBXProject "MVVM_LogIn" */;
			compatibilityVersion = "Xcode 14.0";
			developmentRegion = en;
			hasScannedForEncodings = 0;
			knownRegions = (
				en,
				Base,
			);
			mainGroup = 4DB7A840292E707B00592A88;
			productRefGroup = 4DB7A84A292E707B00592A88 /* Products */;
			projectDirPath = "";
			projectRoot = "";
			targets = (
				4DB7A848292E707B00592A88 /* MVVM_LogIn */,
			);
		};
/* End PBXProject section */

/* Begin PBXResourcesBuildPhase section */
		4DB7A847292E707B00592A88 /* Resources */ = {
			isa = PBXResourcesBuildPhase;
			buildActionMask = 2147483647;
			files = (
				4DB7A859292E707C00592A88 /* LaunchScreen.storyboard in Resources */,
				4DB7A856292E707C00592A88 /* Assets.xcassets in Resources */,
				4DB7A854292E707B00592A88 /* Main.storyboard in Resources */,
			);
			runOnlyForDeploymentPostprocessing = 0;
		};
/* End PBXResourcesBuildPhase section */

/* Begin PBXSourcesBuildPhase section */
		4DB7A845292E707B00592A88 /* Sources */ = {
			isa = PBXSourcesBuildPhase;
			buildActionMask = 2147483647;
			files = (
				4DB7A867292E8A5B00592A88 /* ViewModel.swift in Sources */,
				4DB7A865292E70E800592A88 /* User.swift in Sources */,
				4DB7A851292E707B00592A88 /* ViewController.swift in Sources */,
				4DB7A86A292E8A9D00592A88 /* Dynamic.swift in Sources */,
				4DB7A84D292E707B00592A88 /* AppDelegate.swift in Sources */,
				4DB7A84F292E707B00592A88 /* SceneDelegate.swift in Sources */,
			);
			runOnlyForDeploymentPostprocessing = 0;
		};
/* End PBXSourcesBuildPhase section */

/* Begin PBXVariantGroup section */
		4DB7A852292E707B00592A88 /* Main.storyboard */ = {
			isa = PBXVariantGroup;
			children = (
				4DB7A853292E707B00592A88 /* Base */,
			);
			name = Main.storyboard;
			sourceTree = "<group>";
		};
		4DB7A857292E707C00592A88 /* LaunchScreen.storyboard */ = {
			isa = PBXVariantGroup;
			children = (
				4DB7A858292E707C00592A88 /* Base */,
			);
			name = LaunchScreen.storyboard;
			sourceTree = "<group>";
		};
/* End PBXVariantGroup section */

/* Begin XCBuildConfiguration section */
		4DB7A85B292E707D00592A88 /* Debug */ = {
			isa = XCBuildConfiguration;
			buildSettings = {
				ALWAYS_SEARCH_USER_PATHS = NO;
				CLANG_ANALYZER_NONNULL = YES;
				CLANG_ANALYZER_NUMBER_OBJECT_CONVERSION = YES_AGGRESSIVE;
				CLANG_CXX_LANGUAGE_STANDARD = "gnu++20";
				CLANG_ENABLE_MODULES = YES;
				CLANG_ENABLE_OBJC_ARC = YES;
				CLANG_ENABLE_OBJC_WEAK = YES;
				CLANG_WARN_BLOCK_CAPTURE_AUTORELEASING = YES;
				CLANG_WARN_BOOL_CONVERSION = YES;
				CLANG_WARN_COMMA = YES;
				CLANG_WARN_CONSTANT_CONVERSION = YES;
				CLANG_WARN_DEPRECATED_OBJC_IMPLEMENTATIONS = YES;
				CLANG_WARN_DIRECT_OBJC_ISA_USAGE = YES_ERROR;
				CLANG_WARN_DOCUMENTATION_COMMENTS = YES;
				CLANG_WARN_EMPTY_BODY = YES;
				CLANG_WARN_ENUM_CONVERSION = YES;
				CLANG_WARN_INFINITE_RECURSION = YES;
				CLANG_WARN_INT_CONVERSION = YES;
				CLANG_WARN_NON_LITERAL_NULL_CONVERSION = YES;
				CLANG_WARN_OBJC_IMPLICIT_RETAIN_SELF = YES;
				CLANG_WARN_OBJC_LITERAL_CONVERSION = YES;
				CLANG_WARN_OBJC_ROOT_CLASS = YES_ERROR;
				CLANG_WARN_QUOTED_INCLUDE_IN_FRAMEWORK_HEADER = YES;
				CLANG_WARN_RANGE_LOOP_ANALYSIS = YES;
				CLANG_WARN_STRICT_PROTOTYPES = YES;
				CLANG_WARN_SUSPICIOUS_MOVE = YES;
				CLANG_WARN_UNGUARDED_AVAILABILITY = YES_AGGRESSIVE;
				CLANG_WARN_UNREACHABLE_CODE = YES;
				CLANG_WARN__DUPLICATE_METHOD_MATCH = YES;
				COPY_PHASE_STRIP = NO;
				DEBUG_INFORMATION_FORMAT = dwarf;
				ENABLE_STRICT_OBJC_MSGSEND = YES;
				ENABLE_TESTABILITY = YES;
				GCC_C_LANGUAGE_STANDARD = gnu11;
				GCC_DYNAMIC_NO_PIC = NO;
				GCC_NO_COMMON_BLOCKS = YES;
				GCC_OPTIMIZATION_LEVEL = 0;
				GCC_PREPROCESSOR_DEFINITIONS = (
					"DEBUG=1",
					"$(inherited)",
				);
				GCC_WARN_64_TO_32_BIT_CONVERSION = YES;
				GCC_WARN_ABOUT_RETURN_TYPE = YES_ERROR;
				GCC_WARN_UNDECLARED_SELECTOR = YES;
				GCC_WARN_UNINITIALIZED_AUTOS = YES_AGGRESSIVE;
				GCC_WARN_UNUSED_FUNCTION = YES;
				GCC_WARN_UNUSED_VARIABLE = YES;
				IPHONEOS_DEPLOYMENT_TARGET = 16.1;
				MTL_ENABLE_DEBUG_INFO = INCLUDE_SOURCE;
				MTL_FAST_MATH = YES;
				ONLY_ACTIVE_ARCH = YES;
				SDKROOT = iphoneos;
				SWIFT_ACTIVE_COMPILATION_CONDITIONS = DEBUG;
				SWIFT_OPTIMIZATION_LEVEL = "-Onone";
			};
			name = Debug;
		};
		4DB7A85C292E707D00592A88 /* Release */ = {
			isa = XCBuildConfiguration;
			buildSettings = {
				ALWAYS_SEARCH_USER_PATHS = NO;
				CLANG_ANALYZER_NONNULL = YES;
				CLANG_ANALYZER_NUMBER_OBJECT_CONVERSION = YES_AGGRESSIVE;
				CLANG_CXX_LANGUAGE_STANDARD = "gnu++20";
				CLANG_ENABLE_MODULES = YES;
				CLANG_ENABLE_OBJC_ARC = YES;
				CLANG_ENABLE_OBJC_WEAK = YES;
				CLANG_WARN_BLOCK_CAPTURE_AUTORELEASING = YES;
				CLANG_WARN_BOOL_CONVERSION = YES;
				CLANG_WARN_COMMA = YES;
				CLANG_WARN_CONSTANT_CONVERSION = YES;
				CLANG_WARN_DEPRECATED_OBJC_IMPLEMENTATIONS = YES;
				CLANG_WARN_DIRECT_OBJC_ISA_USAGE = YES_ERROR;
				CLANG_WARN_DOCUMENTATION_COMMENTS = YES;
				CLANG_WARN_EMPTY_BODY = YES;
				CLANG_WARN_ENUM_CONVERSION = YES;
				CLANG_WARN_INFINITE_RECURSION = YES;
				CLANG_WARN_INT_CONVERSION = YES;
				CLANG_WARN_NON_LITERAL_NULL_CONVERSION = YES;
				CLANG_WARN_OBJC_IMPLICIT_RETAIN_SELF = YES;
				CLANG_WARN_OBJC_LITERAL_CONVERSION = YES;
				CLANG_WARN_OBJC_ROOT_CLASS = YES_ERROR;
				CLANG_WARN_QUOTED_INCLUDE_IN_FRAMEWORK_HEADER = YES;
				CLANG_WARN_RANGE_LOOP_ANALYSIS = YES;
				CLANG_WARN_STRICT_PROTOTYPES = YES;
				CLANG_WARN_SUSPICIOUS_MOVE = YES;
				CLANG_WARN_UNGUARDED_AVAILABILITY = YES_AGGRESSIVE;
				CLANG_WARN_UNREACHABLE_CODE = YES;
				CLANG_WARN__DUPLICATE_METHOD_MATCH = YES;
				COPY_PHASE_STRIP = NO;
				DEBUG_INFORMATION_FORMAT = "dwarf-with-dsym";
				ENABLE_NS_ASSERTIONS = NO;
				ENABLE_STRICT_OBJC_MSGSEND = YES;
				GCC_C_LANGUAGE_STANDARD = gnu11;
				GCC_NO_COMMON_BLOCKS = YES;
				GCC_WARN_64_TO_32_BIT_CONVERSION = YES;
				GCC_WARN_ABOUT_RETURN_TYPE = YES_ERROR;
				GCC_WARN_UNDECLARED_SELECTOR = YES;
				GCC_WARN_UNINITIALIZED_AUTOS = YES_AGGRESSIVE;
				GCC_WARN_UNUSED_FUNCTION = YES;
				GCC_WARN_UNUSED_VARIABLE = YES;
				IPHONEOS_DEPLOYMENT_TARGET = 16.1;
				MTL_ENABLE_DEBUG_INFO = NO;
				MTL_FAST_MATH = YES;
				SDKROOT = iphoneos;
				SWIFT_COMPILATION_MODE = wholemodule;
				SWIFT_OPTIMIZATION_LEVEL = "-O";
				VALIDATE_PRODUCT = YES;
			};
			name = Release;
		};
		4DB7A85E292E707D00592A88 /* Debug */ = {
			isa = XCBuildConfiguration;
			buildSettings = {
				ASSETCATALOG_COMPILER_APPICON_NAME = AppIcon;
				ASSETCATALOG_COMPILER_GLOBAL_ACCENT_COLOR_NAME = AccentColor;
				CODE_SIGN_STYLE = Automatic;
				CURRENT_PROJECT_VERSION = 1;
				DEVELOPMENT_TEAM = 543CVV8NB3;
				GENERATE_INFOPLIST_FILE = YES;
				INFOPLIST_FILE = MVVM_LogIn/Info.plist;
				INFOPLIST_KEY_UIApplicationSupportsIndirectInputEvents = YES;
				INFOPLIST_KEY_UILaunchStoryboardName = LaunchScreen;
				INFOPLIST_KEY_UIMainStoryboardFile = Main;
				INFOPLIST_KEY_UISupportedInterfaceOrientations_iPad = "UIInterfaceOrientationPortrait UIInterfaceOrientationPortraitUpsideDown UIInterfaceOrientationLandscapeLeft UIInterfaceOrientationLandscapeRight";
				INFOPLIST_KEY_UISupportedInterfaceOrientations_iPhone = "UIInterfaceOrientationPortrait UIInterfaceOrientationLandscapeLeft UIInterfaceOrientationLandscapeRight";
				LD_RUNPATH_SEARCH_PATHS = (
					"$(inherited)",
					"@executable_path/Frameworks",
				);
				MARKETING_VERSION = 1.0;
				PRODUCT_BUNDLE_IDENTIFIER = "AliyaTlegen.MVVM-LogIn";
				PRODUCT_NAME = "$(TARGET_NAME)";
				SWIFT_EMIT_LOC_STRINGS = YES;
				SWIFT_VERSION = 5.0;
				TARGETED_DEVICE_FAMILY = "1,2";
			};
			name = Debug;
		};
		4DB7A85F292E707D00592A88 /* Release */ = {
			isa = XCBuildConfiguration;
			buildSettings = {
				ASSETCATALOG_COMPILER_APPICON_NAME = AppIcon;
				ASSETCATALOG_COMPILER_GLOBAL_ACCENT_COLOR_NAME = AccentColor;
				CODE_SIGN_STYLE = Automatic;
				CURRENT_PROJECT_VERSION = 1;
				DEVELOPMENT_TEAM = 543CVV8NB3;
				GENERATE_INFOPLIST_FILE = YES;
				INFOPLIST_FILE = MVVM_LogIn/Info.plist;
				INFOPLIST_KEY_UIApplicationSupportsIndirectInputEvents = YES;
				INFOPLIST_KEY_UILaunchStoryboardName = LaunchScreen;
				INFOPLIST_KEY_UIMainStoryboardFile = Main;
				INFOPLIST_KEY_UISupportedInterfaceOrientations_iPad = "UIInterfaceOrientationPortrait UIInterfaceOrientationPortraitUpsideDown UIInterfaceOrientationLandscapeLeft UIInterfaceOrientationLandscapeRight";
				INFOPLIST_KEY_UISupportedInterfaceOrientations_iPhone = "UIInterfaceOrientationPortrait UIInterfaceOrientationLandscapeLeft UIInterfaceOrientationLandscapeRight";
				LD_RUNPATH_SEARCH_PATHS = (
					"$(inherited)",
					"@executable_path/Frameworks",
				);
				MARKETING_VERSION = 1.0;
				PRODUCT_BUNDLE_IDENTIFIER = "AliyaTlegen.MVVM-LogIn";
				PRODUCT_NAME = "$(TARGET_NAME)";
				SWIFT_EMIT_LOC_STRINGS = YES;
				SWIFT_VERSION = 5.0;
				TARGETED_DEVICE_FAMILY = "1,2";
			};
			name = Release;
		};
/* End XCBuildConfiguration section */

/* Begin XCConfigurationList section */
		4DB7A844292E707B00592A88 /* Build configuration list for PBXProject "MVVM_LogIn" */ = {
			isa = XCConfigurationList;
			buildConfigurations = (
				4DB7A85B292E707D00592A88 /* Debug */,
				4DB7A85C292E707D00592A88 /* Release */,
			);
			defaultConfigurationIsVisible = 0;
			defaultConfigurationName = Release;
		};
		4DB7A85D292E707D00592A88 /* Build configuration list for PBXNativeTarget "MVVM_LogIn" */ = {
			isa = XCConfigurationList;
			buildConfigurations = (
				4DB7A85E292E707D00592A88 /* Debug */,
				4DB7A85F292E707D00592A88 /* Release */,
			);
			defaultConfigurationIsVisible = 0;
			defaultConfigurationName = Release;
		};
/* End XCConfigurationList section */
	};
	rootObject = 4DB7A841292E707B00592A88 /* Project object */;
}
